
Microsoft Visual Studio Solution File, Format Version 12.00
# Visual Studio 15
VisualStudioVersion = 15.0.26206.0
MinimumVisualStudioVersion = 10.0.40219.1
Project("{FAE04EC0-301F-11D3-BF4B-00C04F79EFBC}") = "MagicString", "MagicString\MagicString.csproj", "{9D9C8AE5-B41E-484C-A361-097293F1D0B4}"
EndProject
Project("{FAE04EC0-301F-11D3-BF4B-00C04F79EFBC}") = "Rectangle", "Rectangle\Rectangle.csproj", "{0ED03A57-06C5-45BE-B6D6-B80ED45E3823}"
EndProject
Project("{FAE04EC0-301F-11D3-BF4B-00C04F79EFBC}") = "EuroTriangle", "EuroTriangle\EuroTriangle.csproj", "{7B78380E-19E1-4651-967E-6A5FC86981CE}"
EndProject
Project("{FAE04EC0-301F-11D3-BF4B-00C04F79EFBC}") = "Frame", "Frame\Frame.csproj", "{4A0E7177-27C5-484F-815F-DDEB756D5760}"
EndProject
Project("{FAE04EC0-301F-11D3-BF4B-00C04F79EFBC}") = "Rombus", "Rombus\Rombus.csproj", "{D579B00E-94E8-4D29-A38D-2639BCDF3027}"
EndProject
Project("{FAE04EC0-301F-11D3-BF4B-00C04F79EFBC}") = "Sunglasses", "Sunglasses\Sunglasses.csproj", "{511AD33C-BF4F-492E-92A6-17797240E82D}"
EndProject
Project("{FAE04EC0-301F-11D3-BF4B-00C04F79EFBC}") = "BathmanLogo", "BathmanLogo\BathmanLogo.csproj", "{AB0E9056-F506-489D-9FA3-B604006FD256}"
EndProject
Global
	GlobalSection(SolutionConfigurationPlatforms) = preSolution
		Debug|Any CPU = Debug|Any CPU
		Debug|ARM = Debug|ARM
		Debug|x64 = Debug|x64
		Debug|x86 = Debug|x86
		Release|Any CPU = Release|Any CPU
		Release|ARM = Release|ARM
		Release|x64 = Release|x64
		Release|x86 = Release|x86
	EndGlobalSection
	GlobalSection(ProjectConfigurationPlatforms) = postSolution
		{9D9C8AE5-B41E-484C-A361-097293F1D0B4}.Debug|Any CPU.ActiveCfg = Debug|Any CPU
		{9D9C8AE5-B41E-484C-A361-097293F1D0B4}.Debug|Any CPU.Build.0 = Debug|Any CPU
		{9D9C8AE5-B41E-484C-A361-097293F1D0B4}.Debug|ARM.ActiveCfg = Debug|Any CPU
		{9D9C8AE5-B41E-484C-A361-097293F1D0B4}.Debug|ARM.Build.0 = Debug|Any CPU
		{9D9C8AE5-B41E-484C-A361-097293F1D0B4}.Debug|x64.ActiveCfg = Debug|Any CPU
		{9D9C8AE5-B41E-484C-A361-097293F1D0B4}.Debug|x64.Build.0 = Debug|Any CPU
		{9D9C8AE5-B41E-484C-A361-097293F1D0B4}.Debug|x86.ActiveCfg = Debug|Any CPU
		{9D9C8AE5-B41E-484C-A361-097293F1D0B4}.Debug|x86.Build.0 = Debug|Any CPU
		{9D9C8AE5-B41E-484C-A361-097293F1D0B4}.Release|Any CPU.ActiveCfg = Release|Any CPU
		{9D9C8AE5-B41E-484C-A361-097293F1D0B4}.Release|Any CPU.Build.0 = Release|Any CPU
		{9D9C8AE5-B41E-484C-A361-097293F1D0B4}.Release|ARM.ActiveCfg = Release|Any CPU
		{9D9C8AE5-B41E-484C-A361-097293F1D0B4}.Release|ARM.Build.0 = Release|Any CPU
		{9D9C8AE5-B41E-484C-A361-097293F1D0B4}.Release|x64.ActiveCfg = Release|Any CPU
		{9D9C8AE5-B41E-484C-A361-097293F1D0B4}.Release|x64.Build.0 = Release|Any CPU
		{9D9C8AE5-B41E-484C-A361-097293F1D0B4}.Release|x86.ActiveCfg = Release|Any CPU
		{9D9C8AE5-B41E-484C-A361-097293F1D0B4}.Release|x86.Build.0 = Release|Any CPU
		{0ED03A57-06C5-45BE-B6D6-B80ED45E3823}.Debug|Any CPU.ActiveCfg = Debug|Any CPU
		{0ED03A57-06C5-45BE-B6D6-B80ED45E3823}.Debug|Any CPU.Build.0 = Debug|Any CPU
		{0ED03A57-06C5-45BE-B6D6-B80ED45E3823}.Debug|ARM.ActiveCfg = Debug|Any CPU
		{0ED03A57-06C5-45BE-B6D6-B80ED45E3823}.Debug|ARM.Build.0 = Debug|Any CPU
		{0ED03A57-06C5-45BE-B6D6-B80ED45E3823}.Debug|x64.ActiveCfg = Debug|Any CPU
		{0ED03A57-06C5-45BE-B6D6-B80ED45E3823}.Debug|x64.Build.0 = Debug|Any CPU
		{0ED03A57-06C5-45BE-B6D6-B80ED45E3823}.Debug|x86.ActiveCfg = Debug|Any CPU
		{0ED03A57-06C5-45BE-B6D6-B80ED45E3823}.Debug|x86.Build.0 = Debug|Any CPU
		{0ED03A57-06C5-45BE-B6D6-B80ED45E3823}.Release|Any CPU.ActiveCfg = Release|Any CPU
		{0ED03A57-06C5-45BE-B6D6-B80ED45E3823}.Release|Any CPU.Build.0 = Release|Any CPU
		{0ED03A57-06C5-45BE-B6D6-B80ED45E3823}.Release|ARM.ActiveCfg = Release|Any CPU
		{0ED03A57-06C5-45BE-B6D6-B80ED45E3823}.Release|ARM.Build.0 = Release|Any CPU
		{0ED03A57-06C5-45BE-B6D6-B80ED45E3823}.Release|x64.ActiveCfg = Release|Any CPU
		{0ED03A57-06C5-45BE-B6D6-B80ED45E3823}.Release|x64.Build.0 = Release|Any CPU
		{0ED03A57-06C5-45BE-B6D6-B80ED45E3823}.Release|x86.ActiveCfg = Release|Any CPU
		{0ED03A57-06C5-45BE-B6D6-B80ED45E3823}.Release|x86.Build.0 = Release|Any CPU
		{7B78380E-19E1-4651-967E-6A5FC86981CE}.Debug|Any CPU.ActiveCfg = Debug|Any CPU
		{7B78380E-19E1-4651-967E-6A5FC86981CE}.Debug|Any CPU.Build.0 = Debug|Any CPU
		{7B78380E-19E1-4651-967E-6A5FC86981CE}.Debug|ARM.ActiveCfg = Debug|Any CPU
		{7B78380E-19E1-4651-967E-6A5FC86981CE}.Debug|ARM.Build.0 = Debug|Any CPU
		{7B78380E-19E1-4651-967E-6A5FC86981CE}.Debug|x64.ActiveCfg = Debug|Any CPU
		{7B78380E-19E1-4651-967E-6A5FC86981CE}.Debug|x64.Build.0 = Debug|Any CPU
		{7B78380E-19E1-4651-967E-6A5FC86981CE}.Debug|x86.ActiveCfg = Debug|Any CPU
		{7B78380E-19E1-4651-967E-6A5FC86981CE}.Debug|x86.Build.0 = Debug|Any CPU
		{7B78380E-19E1-4651-967E-6A5FC86981CE}.Release|Any CPU.ActiveCfg = Release|Any CPU
		{7B78380E-19E1-4651-967E-6A5FC86981CE}.Release|Any CPU.Build.0 = Release|Any CPU
		{7B78380E-19E1-4651-967E-6A5FC86981CE}.Release|ARM.ActiveCfg = Release|Any CPU
		{7B78380E-19E1-4651-967E-6A5FC86981CE}.Release|ARM.Build.0 = Release|Any CPU
		{7B78380E-19E1-4651-967E-6A5FC86981CE}.Release|x64.ActiveCfg = Release|Any CPU
		{7B78380E-19E1-4651-967E-6A5FC86981CE}.Release|x64.Build.0 = Release|Any CPU
		{7B78380E-19E1-4651-967E-6A5FC86981CE}.Release|x86.ActiveCfg = Release|Any CPU
		{7B78380E-19E1-4651-967E-6A5FC86981CE}.Release|x86.Build.0 = Release|Any CPU
		{4A0E7177-27C5-484F-815F-DDEB756D5760}.Debug|Any CPU.ActiveCfg = Debug|Any CPU
		{4A0E7177-27C5-484F-815F-DDEB756D5760}.Debug|Any CPU.Build.0 = Debug|Any CPU
		{4A0E7177-27C5-484F-815F-DDEB756D5760}.Debug|ARM.ActiveCfg = Debug|Any CPU
		{4A0E7177-27C5-484F-815F-DDEB756D5760}.Debug|ARM.Build.0 = Debug|Any CPU
		{4A0E7177-27C5-484F-815F-DDEB756D5760}.Debug|x64.ActiveCfg = Debug|Any CPU
		{4A0E7177-27C5-484F-815F-DDEB756D5760}.Debug|x64.Build.0 = Debug|Any CPU
		{4A0E7177-27C5-484F-815F-DDEB756D5760}.Debug|x86.ActiveCfg = Debug|Any CPU
		{4A0E7177-27C5-484F-815F-DDEB756D5760}.Debug|x86.Build.0 = Debug|Any CPU
		{4A0E7177-27C5-484F-815F-DDEB756D5760}.Release|Any CPU.ActiveCfg = Release|Any CPU
		{4A0E7177-27C5-484F-815F-DDEB756D5760}.Release|Any CPU.Build.0 = Release|Any CPU
		{4A0E7177-27C5-484F-815F-DDEB756D5760}.Release|ARM.ActiveCfg = Release|Any CPU
		{4A0E7177-27C5-484F-815F-DDEB756D5760}.Release|ARM.Build.0 = Release|Any CPU
		{4A0E7177-27C5-484F-815F-DDEB756D5760}.Release|x64.ActiveCfg = Release|Any CPU
		{4A0E7177-27C5-484F-815F-DDEB756D5760}.Release|x64.Build.0 = Release|Any CPU
		{4A0E7177-27C5-484F-815F-DDEB756D5760}.Release|x86.ActiveCfg = Release|Any CPU
		{4A0E7177-27C5-484F-815F-DDEB756D5760}.Release|x86.Build.0 = Release|Any CPU
		{D579B00E-94E8-4D29-A38D-2639BCDF3027}.Debug|Any CPU.ActiveCfg = Debug|Any CPU
		{D579B00E-94E8-4D29-A38D-2639BCDF3027}.Debug|Any CPU.Build.0 = Debug|Any CPU
		{D579B00E-94E8-4D29-A38D-2639BCDF3027}.Debug|ARM.ActiveCfg = Debug|Any CPU
		{D579B00E-94E8-4D29-A38D-2639BCDF3027}.Debug|ARM.Build.0 = Debug|Any CPU
		{D579B00E-94E8-4D29-A38D-2639BCDF3027}.Debug|x64.ActiveCfg = Debug|Any CPU
		{D579B00E-94E8-4D29-A38D-2639BCDF3027}.Debug|x64.Build.0 = Debug|Any CPU
		{D579B00E-94E8-4D29-A38D-2639BCDF3027}.Debug|x86.ActiveCfg = Debug|Any CPU
		{D579B00E-94E8-4D29-A38D-2639BCDF3027}.Debug|x86.Build.0 = Debug|Any CPU
		{D579B00E-94E8-4D29-A38D-2639BCDF3027}.Release|Any CPU.ActiveCfg = Release|Any CPU
		{D579B00E-94E8-4D29-A38D-2639BCDF3027}.Release|Any CPU.Build.0 = Release|Any CPU
		{D579B00E-94E8-4D29-A38D-2639BCDF3027}.Release|ARM.ActiveCfg = Release|Any CPU
		{D579B00E-94E8-4D29-A38D-2639BCDF3027}.Release|ARM.Build.0 = Release|Any CPU
		{D579B00E-94E8-4D29-A38D-2639BCDF3027}.Release|x64.ActiveCfg = Release|Any CPU
		{D579B00E-94E8-4D29-A38D-2639BCDF3027}.Release|x64.Build.0 = Release|Any CPU
		{D579B00E-94E8-4D29-A38D-2639BCDF3027}.Release|x86.ActiveCfg = Release|Any CPU
		{D579B00E-94E8-4D29-A38D-2639BCDF3027}.Release|x86.Build.0 = Release|Any CPU
		{511AD33C-BF4F-492E-92A6-17797240E82D}.Debug|Any CPU.ActiveCfg = Debug|Any CPU
		{511AD33C-BF4F-492E-92A6-17797240E82D}.Debug|Any CPU.Build.0 = Debug|Any CPU
		{511AD33C-BF4F-492E-92A6-17797240E82D}.Debug|ARM.ActiveCfg = Debug|Any CPU
		{511AD33C-BF4F-492E-92A6-17797240E82D}.Debug|ARM.Build.0 = Debug|Any CPU
		{511AD33C-BF4F-492E-92A6-17797240E82D}.Debug|x64.ActiveCfg = Debug|Any CPU
		{511AD33C-BF4F-492E-92A6-17797240E82D}.Debug|x64.Build.0 = Debug|Any CPU
		{511AD33C-BF4F-492E-92A6-17797240E82D}.Debug|x86.ActiveCfg = Debug|Any CPU
		{511AD33C-BF4F-492E-92A6-17797240E82D}.Debug|x86.Build.0 = Debug|Any CPU
		{511AD33C-BF4F-492E-92A6-17797240E82D}.Release|Any CPU.ActiveCfg = Release|Any CPU
		{511AD33C-BF4F-492E-92A6-17797240E82D}.Release|Any CPU.Build.0 = Release|Any CPU
		{511AD33C-BF4F-492E-92A6-17797240E82D}.Release|ARM.ActiveCfg = Release|Any CPU
		{511AD33C-BF4F-492E-92A6-17797240E82D}.Release|ARM.Build.0 = Release|Any CPU
		{511AD33C-BF4F-492E-92A6-17797240E82D}.Release|x64.ActiveCfg = Release|Any CPU
		{511AD33C-BF4F-492E-92A6-17797240E82D}.Release|x64.Build.0 = Release|Any CPU
		{511AD33C-BF4F-492E-92A6-17797240E82D}.Release|x86.ActiveCfg = Release|Any CPU
		{511AD33C-BF4F-492E-92A6-17797240E82D}.Release|x86.Build.0 = Release|Any CPU
		{AB0E9056-F506-489D-9FA3-B604006FD256}.Debug|Any CPU.ActiveCfg = Debug|Any CPU
		{AB0E9056-F506-489D-9FA3-B604006FD256}.Debug|Any CPU.Build.0 = Debug|Any CPU
		{AB0E9056-F506-489D-9FA3-B604006FD256}.Debug|ARM.ActiveCfg = Debug|Any CPU
		{AB0E9056-F506-489D-9FA3-B604006FD256}.Debug|ARM.Build.0 = Debug|Any CPU
		{AB0E9056-F506-489D-9FA3-B604006FD256}.Debug|x64.ActiveCfg = Debug|Any CPU
		{AB0E9056-F506-489D-9FA3-B604006FD256}.Debug|x64.Build.0 = Debug|Any CPU
		{AB0E9056-F506-489D-9FA3-B604006FD256}.Debug|x86.ActiveCfg = Debug|Any CPU
		{AB0E9056-F506-489D-9FA3-B604006FD256}.Debug|x86.Build.0 = Debug|Any CPU
		{AB0E9056-F506-489D-9FA3-B604006FD256}.Release|Any CPU.ActiveCfg = Release|Any CPU
		{AB0E9056-F506-489D-9FA3-B604006FD256}.Release|Any CPU.Build.0 = Release|Any CPU
		{AB0E9056-F506-489D-9FA3-B604006FD256}.Release|ARM.ActiveCfg = Release|Any CPU
		{AB0E9056-F506-489D-9FA3-B604006FD256}.Release|ARM.Build.0 = Release|Any CPU
		{AB0E9056-F506-489D-9FA3-B604006FD256}.Release|x64.ActiveCfg = Release|Any CPU
		{AB0E9056-F506-489D-9FA3-B604006FD256}.Release|x64.Build.0 = Release|Any CPU
		{AB0E9056-F506-489D-9FA3-B604006FD256}.Release|x86.ActiveCfg = Release|Any CPU
		{AB0E9056-F506-489D-9FA3-B604006FD256}.Release|x86.Build.0 = Release|Any CPU
	EndGlobalSection
	GlobalSection(SolutionProperties) = preSolution
		HideSolutionNode = FALSE
	EndGlobalSection
EndGlobal
