
Microsoft Visual Studio Solution File, Format Version 12.00
# Visual Studio 14
VisualStudioVersion = 14.0.25420.1
MinimumVisualStudioVersion = 10.0.40219.1
Project("{FAE04EC0-301F-11D3-BF4B-00C04F79EFBC}") = "ExcellentResult", "ExcellentResult\ExcellentResult.csproj", "{516330BE-1D76-4D34-886B-F1498B89FACD}"
EndProject
Project("{FAE04EC0-301F-11D3-BF4B-00C04F79EFBC}") = "ExcellentOrNot", "ExcellentOrNot\ExcellentOrNot.csproj", "{B69DA4D0-7AB9-424D-9524-DABDA4377B28}"
EndProject
Project("{FAE04EC0-301F-11D3-BF4B-00C04F79EFBC}") = "EvenOrOdd", "EvenOrOdd\EvenOrOdd.csproj", "{315C0641-213F-49DF-9604-EF3A74B84D6D}"
EndProject
Project("{FAE04EC0-301F-11D3-BF4B-00C04F79EFBC}") = "GreaterNumber", "GreaterNumber\GreaterNumber.csproj", "{AE285C18-F736-4FF2-B16C-99C82544A418}"
EndProject
Project("{FAE04EC0-301F-11D3-BF4B-00C04F79EFBC}") = "Numbers0to10", "Numbers0to10\Numbers0to10.csproj", "{83F53A9B-9BD7-4431-BB81-9F548640342D}"
EndProject
Project("{FAE04EC0-301F-11D3-BF4B-00C04F79EFBC}") = "BonusScore", "BonusScore\BonusScore.csproj", "{DB351F83-8265-4331-BFE8-6B5694F4FD26}"
EndProject
Project("{FAE04EC0-301F-11D3-BF4B-00C04F79EFBC}") = "SumSeconds", "SumSeconds\SumSeconds.csproj", "{A835CF38-1D0E-4613-BE35-180C8B881F6D}"
EndProject
Project("{FAE04EC0-301F-11D3-BF4B-00C04F79EFBC}") = "MetricConverter", "MetricConverter\MetricConverter.csproj", "{A2D7C29D-7338-4243-9AB6-AEED8B70EF5B}"
EndProject
Project("{FAE04EC0-301F-11D3-BF4B-00C04F79EFBC}") = "EqualsWords", "EqualsWords\EqualsWords.csproj", "{22282570-06E4-44D4-B146-5EA303EC516B}"
EndProject
Project("{FAE04EC0-301F-11D3-BF4B-00C04F79EFBC}") = "AreaOfFigures", "AreaOfFigurs\AreaOfFigures.csproj", "{465BA325-2E63-4EBB-8A9E-01CB1B84EC3E}"
EndProject
Project("{FAE04EC0-301F-11D3-BF4B-00C04F79EFBC}") = "PasswordGuess", "PasswordGuess\PasswordGuess.csproj", "{C6A678BF-D4C1-46B4-9C43-580AFECB40BB}"
EndProject
Project("{FAE04EC0-301F-11D3-BF4B-00C04F79EFBC}") = "Number100to200", "Number100to200\Number100to200.csproj", "{C8C36ECD-96A0-4832-9054-E9D3CD538D84}"
EndProject
Project("{FAE04EC0-301F-11D3-BF4B-00C04F79EFBC}") = "SpeedInfo", "SpeedInfo\SpeedInfo.csproj", "{925B3EF3-A6CD-4C89-8E7C-5EECFA364076}"
EndProject
Project("{FAE04EC0-301F-11D3-BF4B-00C04F79EFBC}") = "TimePlus15minutes", "TimePlus15minutes\TimePlus15minutes.csproj", "{8DAAD109-409E-4694-A473-2F57B447BC45}"
EndProject
Project("{FAE04EC0-301F-11D3-BF4B-00C04F79EFBC}") = "TreeEqualsNumbers", "TreeEqualsNumbers\TreeEqualsNumbers.csproj", "{6F4F3485-3B6E-4BCD-BAB1-1E5AAEF480D4}"
EndProject
Global
	GlobalSection(SolutionConfigurationPlatforms) = preSolution
		Debug|Any CPU = Debug|Any CPU
		Release|Any CPU = Release|Any CPU
	EndGlobalSection
	GlobalSection(ProjectConfigurationPlatforms) = postSolution
		{516330BE-1D76-4D34-886B-F1498B89FACD}.Debug|Any CPU.ActiveCfg = Debug|Any CPU
		{516330BE-1D76-4D34-886B-F1498B89FACD}.Debug|Any CPU.Build.0 = Debug|Any CPU
		{516330BE-1D76-4D34-886B-F1498B89FACD}.Release|Any CPU.ActiveCfg = Release|Any CPU
		{516330BE-1D76-4D34-886B-F1498B89FACD}.Release|Any CPU.Build.0 = Release|Any CPU
		{B69DA4D0-7AB9-424D-9524-DABDA4377B28}.Debug|Any CPU.ActiveCfg = Debug|Any CPU
		{B69DA4D0-7AB9-424D-9524-DABDA4377B28}.Debug|Any CPU.Build.0 = Debug|Any CPU
		{B69DA4D0-7AB9-424D-9524-DABDA4377B28}.Release|Any CPU.ActiveCfg = Release|Any CPU
		{B69DA4D0-7AB9-424D-9524-DABDA4377B28}.Release|Any CPU.Build.0 = Release|Any CPU
		{315C0641-213F-49DF-9604-EF3A74B84D6D}.Debug|Any CPU.ActiveCfg = Debug|Any CPU
		{315C0641-213F-49DF-9604-EF3A74B84D6D}.Debug|Any CPU.Build.0 = Debug|Any CPU
		{315C0641-213F-49DF-9604-EF3A74B84D6D}.Release|Any CPU.ActiveCfg = Release|Any CPU
		{315C0641-213F-49DF-9604-EF3A74B84D6D}.Release|Any CPU.Build.0 = Release|Any CPU
		{AE285C18-F736-4FF2-B16C-99C82544A418}.Debug|Any CPU.ActiveCfg = Debug|Any CPU
		{AE285C18-F736-4FF2-B16C-99C82544A418}.Debug|Any CPU.Build.0 = Debug|Any CPU
		{AE285C18-F736-4FF2-B16C-99C82544A418}.Release|Any CPU.ActiveCfg = Release|Any CPU
		{AE285C18-F736-4FF2-B16C-99C82544A418}.Release|Any CPU.Build.0 = Release|Any CPU
		{83F53A9B-9BD7-4431-BB81-9F548640342D}.Debug|Any CPU.ActiveCfg = Debug|Any CPU
		{83F53A9B-9BD7-4431-BB81-9F548640342D}.Debug|Any CPU.Build.0 = Debug|Any CPU
		{83F53A9B-9BD7-4431-BB81-9F548640342D}.Release|Any CPU.ActiveCfg = Release|Any CPU
		{83F53A9B-9BD7-4431-BB81-9F548640342D}.Release|Any CPU.Build.0 = Release|Any CPU
		{DB351F83-8265-4331-BFE8-6B5694F4FD26}.Debug|Any CPU.ActiveCfg = Debug|Any CPU
		{DB351F83-8265-4331-BFE8-6B5694F4FD26}.Debug|Any CPU.Build.0 = Debug|Any CPU
		{DB351F83-8265-4331-BFE8-6B5694F4FD26}.Release|Any CPU.ActiveCfg = Release|Any CPU
		{DB351F83-8265-4331-BFE8-6B5694F4FD26}.Release|Any CPU.Build.0 = Release|Any CPU
		{A835CF38-1D0E-4613-BE35-180C8B881F6D}.Debug|Any CPU.ActiveCfg = Debug|Any CPU
		{A835CF38-1D0E-4613-BE35-180C8B881F6D}.Debug|Any CPU.Build.0 = Debug|Any CPU
		{A835CF38-1D0E-4613-BE35-180C8B881F6D}.Release|Any CPU.ActiveCfg = Release|Any CPU
		{A835CF38-1D0E-4613-BE35-180C8B881F6D}.Release|Any CPU.Build.0 = Release|Any CPU
		{A2D7C29D-7338-4243-9AB6-AEED8B70EF5B}.Debug|Any CPU.ActiveCfg = Debug|Any CPU
		{A2D7C29D-7338-4243-9AB6-AEED8B70EF5B}.Debug|Any CPU.Build.0 = Debug|Any CPU
		{A2D7C29D-7338-4243-9AB6-AEED8B70EF5B}.Release|Any CPU.ActiveCfg = Release|Any CPU
		{A2D7C29D-7338-4243-9AB6-AEED8B70EF5B}.Release|Any CPU.Build.0 = Release|Any CPU
		{22282570-06E4-44D4-B146-5EA303EC516B}.Debug|Any CPU.ActiveCfg = Debug|Any CPU
		{22282570-06E4-44D4-B146-5EA303EC516B}.Debug|Any CPU.Build.0 = Debug|Any CPU
		{22282570-06E4-44D4-B146-5EA303EC516B}.Release|Any CPU.ActiveCfg = Release|Any CPU
		{22282570-06E4-44D4-B146-5EA303EC516B}.Release|Any CPU.Build.0 = Release|Any CPU
		{465BA325-2E63-4EBB-8A9E-01CB1B84EC3E}.Debug|Any CPU.ActiveCfg = Debug|Any CPU
		{465BA325-2E63-4EBB-8A9E-01CB1B84EC3E}.Debug|Any CPU.Build.0 = Debug|Any CPU
		{465BA325-2E63-4EBB-8A9E-01CB1B84EC3E}.Release|Any CPU.ActiveCfg = Release|Any CPU
		{465BA325-2E63-4EBB-8A9E-01CB1B84EC3E}.Release|Any CPU.Build.0 = Release|Any CPU
		{C6A678BF-D4C1-46B4-9C43-580AFECB40BB}.Debug|Any CPU.ActiveCfg = Debug|Any CPU
		{C6A678BF-D4C1-46B4-9C43-580AFECB40BB}.Debug|Any CPU.Build.0 = Debug|Any CPU
		{C6A678BF-D4C1-46B4-9C43-580AFECB40BB}.Release|Any CPU.ActiveCfg = Release|Any CPU
		{C6A678BF-D4C1-46B4-9C43-580AFECB40BB}.Release|Any CPU.Build.0 = Release|Any CPU
		{C8C36ECD-96A0-4832-9054-E9D3CD538D84}.Debug|Any CPU.ActiveCfg = Debug|Any CPU
		{C8C36ECD-96A0-4832-9054-E9D3CD538D84}.Debug|Any CPU.Build.0 = Debug|Any CPU
		{C8C36ECD-96A0-4832-9054-E9D3CD538D84}.Release|Any CPU.ActiveCfg = Release|Any CPU
		{C8C36ECD-96A0-4832-9054-E9D3CD538D84}.Release|Any CPU.Build.0 = Release|Any CPU
		{925B3EF3-A6CD-4C89-8E7C-5EECFA364076}.Debug|Any CPU.ActiveCfg = Debug|Any CPU
		{925B3EF3-A6CD-4C89-8E7C-5EECFA364076}.Debug|Any CPU.Build.0 = Debug|Any CPU
		{925B3EF3-A6CD-4C89-8E7C-5EECFA364076}.Release|Any CPU.ActiveCfg = Release|Any CPU
		{925B3EF3-A6CD-4C89-8E7C-5EECFA364076}.Release|Any CPU.Build.0 = Release|Any CPU
		{8DAAD109-409E-4694-A473-2F57B447BC45}.Debug|Any CPU.ActiveCfg = Debug|Any CPU
		{8DAAD109-409E-4694-A473-2F57B447BC45}.Debug|Any CPU.Build.0 = Debug|Any CPU
		{8DAAD109-409E-4694-A473-2F57B447BC45}.Release|Any CPU.ActiveCfg = Release|Any CPU
		{8DAAD109-409E-4694-A473-2F57B447BC45}.Release|Any CPU.Build.0 = Release|Any CPU
		{6F4F3485-3B6E-4BCD-BAB1-1E5AAEF480D4}.Debug|Any CPU.ActiveCfg = Debug|Any CPU
		{6F4F3485-3B6E-4BCD-BAB1-1E5AAEF480D4}.Debug|Any CPU.Build.0 = Debug|Any CPU
		{6F4F3485-3B6E-4BCD-BAB1-1E5AAEF480D4}.Release|Any CPU.ActiveCfg = Release|Any CPU
		{6F4F3485-3B6E-4BCD-BAB1-1E5AAEF480D4}.Release|Any CPU.Build.0 = Release|Any CPU
	EndGlobalSection
	GlobalSection(SolutionProperties) = preSolution
		HideSolutionNode = FALSE
	EndGlobalSection
EndGlobal
